
Microsoft Visual Studio Solution File, Format Version 12.00
# Visual Studio Version 17
VisualStudioVersion = 17.4.33213.308
MinimumVisualStudioVersion = 10.0.40219.1
Project("{FAE04EC0-301F-11D3-BF4B-00C04F79EFBC}") = "Real Estate", "Real Estate\Real Estate.csproj", "{2165F9E5-61A1-4A3A-AD1D-48AA4FEAE703}"
EndProject
Global
	GlobalSection(SolutionConfigurationPlatforms) = preSolution
		Debug|Any CPU = Debug|Any CPU
		Release|Any CPU = Release|Any CPU
	EndGlobalSection
	GlobalSection(ProjectConfigurationPlatforms) = postSolution
		{2165F9E5-61A1-4A3A-AD1D-48AA4FEAE703}.Debug|Any CPU.ActiveCfg = Debug|Any CPU
		{2165F9E5-61A1-4A3A-AD1D-48AA4FEAE703}.Debug|Any CPU.Build.0 = Debug|Any CPU
		{2165F9E5-61A1-4A3A-AD1D-48AA4FEAE703}.Release|Any CPU.ActiveCfg = Release|Any CPU
		{2165F9E5-61A1-4A3A-AD1D-48AA4FEAE703}.Release|Any CPU.Build.0 = Release|Any CPU
	EndGlobalSection
	GlobalSection(SolutionProperties) = preSolution
		HideSolutionNode = FALSE
	EndGlobalSection
	GlobalSection(ExtensibilityGlobals) = postSolution
		SolutionGuid = {90C52E6A-E489-40D9-9EB0-84531F3B4F57}
	EndGlobalSection
EndGlobal
